
Microsoft Visual Studio Solution File, Format Version 12.00
# Visual Studio 15
VisualStudioVersion = 15.0.28307.572
MinimumVisualStudioVersion = 10.0.40219.1
Project("{2150E333-8FDC-42A3-9474-1A3956D46DE8}") = "src", "src", "{D52F3BA9-595B-4E4E-94A5-FFB89665B4DA}"
EndProject
Project("{2150E333-8FDC-42A3-9474-1A3956D46DE8}") = "Devices", "Devices", "{B957997A-7335-43EE-8BC2-A6A87FD60F93}"
EndProject
Project("{2150E333-8FDC-42A3-9474-1A3956D46DE8}") = "Identity", "Identity", "{99223C62-0029-4A56-B2BA-59CDA39E993C}"
EndProject
Project("{2150E333-8FDC-42A3-9474-1A3956D46DE8}") = "Edge", "Edge", "{5B86AC6A-5356-4A9B-8E8F-6CC998D6F15C}"
EndProject
Project("{2150E333-8FDC-42A3-9474-1A3956D46DE8}") = "NotificationService", "NotificationService", "{1A5492B4-8B28-4436-BCD6-5ECC7385DCA6}"
EndProject
Project("{2150E333-8FDC-42A3-9474-1A3956D46DE8}") = "Spa", "Spa", "{9AB2ADAF-9625-4CAD-B543-166B21E8A114}"
EndProject
Project("{9A19103F-16F7-4668-BE54-9A1E7A4F7556}") = "SmartHub.NotificationService", "src\NotificationService\SmartHub.NotificationService\SmartHub.NotificationService.csproj", "{3CD3DBC2-938F-487D-A7F1-E5C7F0DE5D9C}"
EndProject
Project("{9A19103F-16F7-4668-BE54-9A1E7A4F7556}") = "SmartHub.Identity", "src\Identity\SmartHub.Identity\SmartHub.Identity.csproj", "{DF3903AC-88BF-4996-A230-E9E5112D68CB}"
EndProject
Project("{9A19103F-16F7-4668-BE54-9A1E7A4F7556}") = "SmartHub.Edge", "src\Edge\SmartHub.Edge\SmartHub.Edge.csproj", "{05C4B9C6-B6B7-4AB5-83F8-CAFACABD5861}"
EndProject
Project("{9A19103F-16F7-4668-BE54-9A1E7A4F7556}") = "SmartHub.SPA", "src\Spa\SmartHub.SPA\SmartHub.SPA.csproj", "{EF790F53-6636-4CD9-872F-BF1859F164DD}"
EndProject
Project("{E53339B2-1760-4266-BCC7-CA923CBCF16C}") = "docker-compose", "docker-compose.dcproj", "{CCE240E0-7273-4B16-A376-F9974A04ABF2}"
EndProject
Project("{9A19103F-16F7-4668-BE54-9A1E7A4F7556}") = "SmartHub.Devices", "src\Devices\SmartHub.Devices\SmartHub.Devices.csproj", "{90AEE2B1-EFD3-40C6-B37A-B0E18947A772}"
EndProject
Project("{9A19103F-16F7-4668-BE54-9A1E7A4F7556}") = "SmartHub.Infrastructure", "src\Devices\SmartHub.Infrastructure\SmartHub.Infrastructure.csproj", "{5D2C3239-CA7B-46D5-BB3D-012473A337FD}"
EndProject
Project("{9A19103F-16F7-4668-BE54-9A1E7A4F7556}") = "SmartHub.BusinessLogic", "src\Devices\SmartHub.BusinessLogic\SmartHub.BusinessLogic.csproj", "{0C81B0F6-2F24-4158-9945-D1B115601562}"
EndProject
Project("{2150E333-8FDC-42A3-9474-1A3956D46DE8}") = "DataAccess", "DataAccess", "{3732BB88-990E-474C-A9EB-546F5B9C8E1C}"
EndProject
Project("{9A19103F-16F7-4668-BE54-9A1E7A4F7556}") = "SmartHub.Edge.Infrastructure", "src\Edge\SmartHub.Edge.Infrastructure\SmartHub.Edge.Infrastructure.csproj", "{9A7D4167-7BEB-4E97-A8B3-548D2DE9C5F8}"
EndProject
Project("{9A19103F-16F7-4668-BE54-9A1E7A4F7556}") = "SmartHub.DataAccess", "src\DataAccess\SmartHub.DataAccess\SmartHub.DataAccess.csproj", "{CD23EE76-4384-490D-846F-EE7A3B8C1E0A}"
EndProject
Global
	GlobalSection(SolutionConfigurationPlatforms) = preSolution
		Debug|Any CPU = Debug|Any CPU
		Release|Any CPU = Release|Any CPU
	EndGlobalSection
	GlobalSection(ProjectConfigurationPlatforms) = postSolution
		{3CD3DBC2-938F-487D-A7F1-E5C7F0DE5D9C}.Debug|Any CPU.ActiveCfg = Debug|Any CPU
		{3CD3DBC2-938F-487D-A7F1-E5C7F0DE5D9C}.Debug|Any CPU.Build.0 = Debug|Any CPU
		{3CD3DBC2-938F-487D-A7F1-E5C7F0DE5D9C}.Release|Any CPU.ActiveCfg = Release|Any CPU
		{3CD3DBC2-938F-487D-A7F1-E5C7F0DE5D9C}.Release|Any CPU.Build.0 = Release|Any CPU
		{DF3903AC-88BF-4996-A230-E9E5112D68CB}.Debug|Any CPU.ActiveCfg = Debug|Any CPU
		{DF3903AC-88BF-4996-A230-E9E5112D68CB}.Debug|Any CPU.Build.0 = Debug|Any CPU
		{DF3903AC-88BF-4996-A230-E9E5112D68CB}.Release|Any CPU.ActiveCfg = Release|Any CPU
		{DF3903AC-88BF-4996-A230-E9E5112D68CB}.Release|Any CPU.Build.0 = Release|Any CPU
		{05C4B9C6-B6B7-4AB5-83F8-CAFACABD5861}.Debug|Any CPU.ActiveCfg = Debug|Any CPU
		{05C4B9C6-B6B7-4AB5-83F8-CAFACABD5861}.Debug|Any CPU.Build.0 = Debug|Any CPU
		{05C4B9C6-B6B7-4AB5-83F8-CAFACABD5861}.Release|Any CPU.ActiveCfg = Release|Any CPU
		{05C4B9C6-B6B7-4AB5-83F8-CAFACABD5861}.Release|Any CPU.Build.0 = Release|Any CPU
		{EF790F53-6636-4CD9-872F-BF1859F164DD}.Debug|Any CPU.ActiveCfg = Debug|Any CPU
		{EF790F53-6636-4CD9-872F-BF1859F164DD}.Debug|Any CPU.Build.0 = Debug|Any CPU
		{EF790F53-6636-4CD9-872F-BF1859F164DD}.Release|Any CPU.ActiveCfg = Release|Any CPU
		{EF790F53-6636-4CD9-872F-BF1859F164DD}.Release|Any CPU.Build.0 = Release|Any CPU
		{CCE240E0-7273-4B16-A376-F9974A04ABF2}.Debug|Any CPU.ActiveCfg = Debug|Any CPU
		{CCE240E0-7273-4B16-A376-F9974A04ABF2}.Debug|Any CPU.Build.0 = Debug|Any CPU
		{CCE240E0-7273-4B16-A376-F9974A04ABF2}.Release|Any CPU.ActiveCfg = Release|Any CPU
		{CCE240E0-7273-4B16-A376-F9974A04ABF2}.Release|Any CPU.Build.0 = Release|Any CPU
		{90AEE2B1-EFD3-40C6-B37A-B0E18947A772}.Debug|Any CPU.ActiveCfg = Debug|Any CPU
		{90AEE2B1-EFD3-40C6-B37A-B0E18947A772}.Debug|Any CPU.Build.0 = Debug|Any CPU
		{90AEE2B1-EFD3-40C6-B37A-B0E18947A772}.Release|Any CPU.ActiveCfg = Release|Any CPU
		{90AEE2B1-EFD3-40C6-B37A-B0E18947A772}.Release|Any CPU.Build.0 = Release|Any CPU
		{5D2C3239-CA7B-46D5-BB3D-012473A337FD}.Debug|Any CPU.ActiveCfg = Debug|Any CPU
		{5D2C3239-CA7B-46D5-BB3D-012473A337FD}.Debug|Any CPU.Build.0 = Debug|Any CPU
		{5D2C3239-CA7B-46D5-BB3D-012473A337FD}.Release|Any CPU.ActiveCfg = Release|Any CPU
		{5D2C3239-CA7B-46D5-BB3D-012473A337FD}.Release|Any CPU.Build.0 = Release|Any CPU
		{0C81B0F6-2F24-4158-9945-D1B115601562}.Debug|Any CPU.ActiveCfg = Debug|Any CPU
		{0C81B0F6-2F24-4158-9945-D1B115601562}.Debug|Any CPU.Build.0 = Debug|Any CPU
		{0C81B0F6-2F24-4158-9945-D1B115601562}.Release|Any CPU.ActiveCfg = Release|Any CPU
		{0C81B0F6-2F24-4158-9945-D1B115601562}.Release|Any CPU.Build.0 = Release|Any CPU
		{9A7D4167-7BEB-4E97-A8B3-548D2DE9C5F8}.Debug|Any CPU.ActiveCfg = Debug|Any CPU
		{9A7D4167-7BEB-4E97-A8B3-548D2DE9C5F8}.Debug|Any CPU.Build.0 = Debug|Any CPU
		{9A7D4167-7BEB-4E97-A8B3-548D2DE9C5F8}.Release|Any CPU.ActiveCfg = Release|Any CPU
		{9A7D4167-7BEB-4E97-A8B3-548D2DE9C5F8}.Release|Any CPU.Build.0 = Release|Any CPU
		{CD23EE76-4384-490D-846F-EE7A3B8C1E0A}.Debug|Any CPU.ActiveCfg = Debug|Any CPU
		{CD23EE76-4384-490D-846F-EE7A3B8C1E0A}.Debug|Any CPU.Build.0 = Debug|Any CPU
		{CD23EE76-4384-490D-846F-EE7A3B8C1E0A}.Release|Any CPU.ActiveCfg = Release|Any CPU
		{CD23EE76-4384-490D-846F-EE7A3B8C1E0A}.Release|Any CPU.Build.0 = Release|Any CPU
	EndGlobalSection
	GlobalSection(SolutionProperties) = preSolution
		HideSolutionNode = FALSE
	EndGlobalSection
	GlobalSection(NestedProjects) = preSolution
		{B957997A-7335-43EE-8BC2-A6A87FD60F93} = {D52F3BA9-595B-4E4E-94A5-FFB89665B4DA}
		{99223C62-0029-4A56-B2BA-59CDA39E993C} = {D52F3BA9-595B-4E4E-94A5-FFB89665B4DA}
		{5B86AC6A-5356-4A9B-8E8F-6CC998D6F15C} = {D52F3BA9-595B-4E4E-94A5-FFB89665B4DA}
		{1A5492B4-8B28-4436-BCD6-5ECC7385DCA6} = {D52F3BA9-595B-4E4E-94A5-FFB89665B4DA}
		{9AB2ADAF-9625-4CAD-B543-166B21E8A114} = {D52F3BA9-595B-4E4E-94A5-FFB89665B4DA}
		{3CD3DBC2-938F-487D-A7F1-E5C7F0DE5D9C} = {1A5492B4-8B28-4436-BCD6-5ECC7385DCA6}
		{DF3903AC-88BF-4996-A230-E9E5112D68CB} = {99223C62-0029-4A56-B2BA-59CDA39E993C}
		{05C4B9C6-B6B7-4AB5-83F8-CAFACABD5861} = {5B86AC6A-5356-4A9B-8E8F-6CC998D6F15C}
		{EF790F53-6636-4CD9-872F-BF1859F164DD} = {9AB2ADAF-9625-4CAD-B543-166B21E8A114}
		{90AEE2B1-EFD3-40C6-B37A-B0E18947A772} = {B957997A-7335-43EE-8BC2-A6A87FD60F93}
		{5D2C3239-CA7B-46D5-BB3D-012473A337FD} = {B957997A-7335-43EE-8BC2-A6A87FD60F93}
		{0C81B0F6-2F24-4158-9945-D1B115601562} = {B957997A-7335-43EE-8BC2-A6A87FD60F93}
		{3732BB88-990E-474C-A9EB-546F5B9C8E1C} = {D52F3BA9-595B-4E4E-94A5-FFB89665B4DA}
		{9A7D4167-7BEB-4E97-A8B3-548D2DE9C5F8} = {5B86AC6A-5356-4A9B-8E8F-6CC998D6F15C}
		{CD23EE76-4384-490D-846F-EE7A3B8C1E0A} = {3732BB88-990E-474C-A9EB-546F5B9C8E1C}
	EndGlobalSection
	GlobalSection(ExtensibilityGlobals) = postSolution
		SolutionGuid = {AE7104F7-C501-4991-816A-18A09A499913}
	EndGlobalSection
EndGlobal
