
Microsoft Visual Studio Solution File, Format Version 12.00
# Visual Studio 15
VisualStudioVersion = 15.0.28307.572
MinimumVisualStudioVersion = 10.0.40219.1
Project("{2150E333-8FDC-42A3-9474-1A3956D46DE8}") = "src", "src", "{D52F3BA9-595B-4E4E-94A5-FFB89665B4DA}"
EndProject
Project("{2150E333-8FDC-42A3-9474-1A3956D46DE8}") = "Api", "Api", "{B957997A-7335-43EE-8BC2-A6A87FD60F93}"
EndProject
Project("{2150E333-8FDC-42A3-9474-1A3956D46DE8}") = "Identity", "Identity", "{99223C62-0029-4A56-B2BA-59CDA39E993C}"
EndProject
Project("{2150E333-8FDC-42A3-9474-1A3956D46DE8}") = "Edge", "Edge", "{5B86AC6A-5356-4A9B-8E8F-6CC998D6F15C}"
EndProject
Project("{2150E333-8FDC-42A3-9474-1A3956D46DE8}") = "SaverService", "SaverService", "{F6A6490C-5E75-46B0-A2CD-E3F5EEEA12CB}"
EndProject
Project("{2150E333-8FDC-42A3-9474-1A3956D46DE8}") = "NotificationService", "NotificationService", "{1A5492B4-8B28-4436-BCD6-5ECC7385DCA6}"
EndProject
Project("{2150E333-8FDC-42A3-9474-1A3956D46DE8}") = "Spa", "Spa", "{9AB2ADAF-9625-4CAD-B543-166B21E8A114}"
EndProject
Project("{9A19103F-16F7-4668-BE54-9A1E7A4F7556}") = "SmartHub.Api", "src\Api\SmartHub.Api\SmartHub.Api.csproj", "{5EDF25F1-8703-4174-9BFD-B244BDEE81F0}"
EndProject
Project("{9A19103F-16F7-4668-BE54-9A1E7A4F7556}") = "SmartHub.NotificationService", "src\NotificationService\SmartHub.NotificationService\SmartHub.NotificationService.csproj", "{3CD3DBC2-938F-487D-A7F1-E5C7F0DE5D9C}"
EndProject
Project("{9A19103F-16F7-4668-BE54-9A1E7A4F7556}") = "SmartHub.Identity", "src\Identity\SmartHub.Identity\SmartHub.Identity.csproj", "{DF3903AC-88BF-4996-A230-E9E5112D68CB}"
EndProject
Project("{9A19103F-16F7-4668-BE54-9A1E7A4F7556}") = "SmartHub.Edge", "src\Edge\SmartHub.Edge\SmartHub.Edge.csproj", "{05C4B9C6-B6B7-4AB5-83F8-CAFACABD5861}"
EndProject
Project("{9A19103F-16F7-4668-BE54-9A1E7A4F7556}") = "SmartHub.SPA", "src\Spa\SmartHub.SPA\SmartHub.SPA.csproj", "{EF790F53-6636-4CD9-872F-BF1859F164DD}"
EndProject
Project("{9A19103F-16F7-4668-BE54-9A1E7A4F7556}") = "SmartHub.SaverService", "src\SaverService\SmartHub.SaverService\SmartHub.SaverService.csproj", "{88FF1878-DB0C-49A6-B0F5-56DBCB6C21AD}"
EndProject
Project("{9A19103F-16F7-4668-BE54-9A1E7A4F7556}") = "SmartHub.Domain", "src\Api\SmartHub.Domain\SmartHub.Domain.csproj", "{772391ED-433D-430B-BCAF-872BF443EDBA}"
EndProject
Project("{FAE04EC0-301F-11D3-BF4B-00C04F79EFBC}") = "SmartHub.BusinessLogic", "src\Api\SmartHub.BusinessLogic\SmartHub.BusinessLogic.csproj", "{22777EC6-96CF-4E09-911D-F7C47A02942B}"
EndProject
Project("{E53339B2-1760-4266-BCC7-CA923CBCF16C}") = "docker-compose", "docker-compose.dcproj", "{CCE240E0-7273-4B16-A376-F9974A04ABF2}"
EndProject
Global
	GlobalSection(SolutionConfigurationPlatforms) = preSolution
		Debug|Any CPU = Debug|Any CPU
		Release|Any CPU = Release|Any CPU
	EndGlobalSection
	GlobalSection(ProjectConfigurationPlatforms) = postSolution
		{5EDF25F1-8703-4174-9BFD-B244BDEE81F0}.Debug|Any CPU.ActiveCfg = Debug|Any CPU
		{5EDF25F1-8703-4174-9BFD-B244BDEE81F0}.Debug|Any CPU.Build.0 = Debug|Any CPU
		{5EDF25F1-8703-4174-9BFD-B244BDEE81F0}.Release|Any CPU.ActiveCfg = Release|Any CPU
		{5EDF25F1-8703-4174-9BFD-B244BDEE81F0}.Release|Any CPU.Build.0 = Release|Any CPU
		{3CD3DBC2-938F-487D-A7F1-E5C7F0DE5D9C}.Debug|Any CPU.ActiveCfg = Debug|Any CPU
		{3CD3DBC2-938F-487D-A7F1-E5C7F0DE5D9C}.Debug|Any CPU.Build.0 = Debug|Any CPU
		{3CD3DBC2-938F-487D-A7F1-E5C7F0DE5D9C}.Release|Any CPU.ActiveCfg = Release|Any CPU
		{3CD3DBC2-938F-487D-A7F1-E5C7F0DE5D9C}.Release|Any CPU.Build.0 = Release|Any CPU
		{DF3903AC-88BF-4996-A230-E9E5112D68CB}.Debug|Any CPU.ActiveCfg = Debug|Any CPU
		{DF3903AC-88BF-4996-A230-E9E5112D68CB}.Debug|Any CPU.Build.0 = Debug|Any CPU
		{DF3903AC-88BF-4996-A230-E9E5112D68CB}.Release|Any CPU.ActiveCfg = Release|Any CPU
		{DF3903AC-88BF-4996-A230-E9E5112D68CB}.Release|Any CPU.Build.0 = Release|Any CPU
		{05C4B9C6-B6B7-4AB5-83F8-CAFACABD5861}.Debug|Any CPU.ActiveCfg = Debug|Any CPU
		{05C4B9C6-B6B7-4AB5-83F8-CAFACABD5861}.Debug|Any CPU.Build.0 = Debug|Any CPU
		{05C4B9C6-B6B7-4AB5-83F8-CAFACABD5861}.Release|Any CPU.ActiveCfg = Release|Any CPU
		{05C4B9C6-B6B7-4AB5-83F8-CAFACABD5861}.Release|Any CPU.Build.0 = Release|Any CPU
		{EF790F53-6636-4CD9-872F-BF1859F164DD}.Debug|Any CPU.ActiveCfg = Debug|Any CPU
		{EF790F53-6636-4CD9-872F-BF1859F164DD}.Debug|Any CPU.Build.0 = Debug|Any CPU
		{EF790F53-6636-4CD9-872F-BF1859F164DD}.Release|Any CPU.ActiveCfg = Release|Any CPU
		{EF790F53-6636-4CD9-872F-BF1859F164DD}.Release|Any CPU.Build.0 = Release|Any CPU
		{88FF1878-DB0C-49A6-B0F5-56DBCB6C21AD}.Debug|Any CPU.ActiveCfg = Debug|Any CPU
		{88FF1878-DB0C-49A6-B0F5-56DBCB6C21AD}.Debug|Any CPU.Build.0 = Debug|Any CPU
		{88FF1878-DB0C-49A6-B0F5-56DBCB6C21AD}.Release|Any CPU.ActiveCfg = Release|Any CPU
		{88FF1878-DB0C-49A6-B0F5-56DBCB6C21AD}.Release|Any CPU.Build.0 = Release|Any CPU
		{772391ED-433D-430B-BCAF-872BF443EDBA}.Debug|Any CPU.ActiveCfg = Debug|Any CPU
		{772391ED-433D-430B-BCAF-872BF443EDBA}.Debug|Any CPU.Build.0 = Debug|Any CPU
		{772391ED-433D-430B-BCAF-872BF443EDBA}.Release|Any CPU.ActiveCfg = Release|Any CPU
		{772391ED-433D-430B-BCAF-872BF443EDBA}.Release|Any CPU.Build.0 = Release|Any CPU
		{22777EC6-96CF-4E09-911D-F7C47A02942B}.Debug|Any CPU.ActiveCfg = Debug|Any CPU
		{22777EC6-96CF-4E09-911D-F7C47A02942B}.Debug|Any CPU.Build.0 = Debug|Any CPU
		{22777EC6-96CF-4E09-911D-F7C47A02942B}.Release|Any CPU.ActiveCfg = Release|Any CPU
		{22777EC6-96CF-4E09-911D-F7C47A02942B}.Release|Any CPU.Build.0 = Release|Any CPU
		{CCE240E0-7273-4B16-A376-F9974A04ABF2}.Debug|Any CPU.ActiveCfg = Debug|Any CPU
		{CCE240E0-7273-4B16-A376-F9974A04ABF2}.Debug|Any CPU.Build.0 = Debug|Any CPU
		{CCE240E0-7273-4B16-A376-F9974A04ABF2}.Release|Any CPU.ActiveCfg = Release|Any CPU
		{CCE240E0-7273-4B16-A376-F9974A04ABF2}.Release|Any CPU.Build.0 = Release|Any CPU
	EndGlobalSection
	GlobalSection(SolutionProperties) = preSolution
		HideSolutionNode = FALSE
	EndGlobalSection
	GlobalSection(NestedProjects) = preSolution
		{B957997A-7335-43EE-8BC2-A6A87FD60F93} = {D52F3BA9-595B-4E4E-94A5-FFB89665B4DA}
		{99223C62-0029-4A56-B2BA-59CDA39E993C} = {D52F3BA9-595B-4E4E-94A5-FFB89665B4DA}
		{5B86AC6A-5356-4A9B-8E8F-6CC998D6F15C} = {D52F3BA9-595B-4E4E-94A5-FFB89665B4DA}
		{F6A6490C-5E75-46B0-A2CD-E3F5EEEA12CB} = {D52F3BA9-595B-4E4E-94A5-FFB89665B4DA}
		{1A5492B4-8B28-4436-BCD6-5ECC7385DCA6} = {D52F3BA9-595B-4E4E-94A5-FFB89665B4DA}
		{9AB2ADAF-9625-4CAD-B543-166B21E8A114} = {D52F3BA9-595B-4E4E-94A5-FFB89665B4DA}
		{5EDF25F1-8703-4174-9BFD-B244BDEE81F0} = {B957997A-7335-43EE-8BC2-A6A87FD60F93}
		{3CD3DBC2-938F-487D-A7F1-E5C7F0DE5D9C} = {1A5492B4-8B28-4436-BCD6-5ECC7385DCA6}
		{DF3903AC-88BF-4996-A230-E9E5112D68CB} = {99223C62-0029-4A56-B2BA-59CDA39E993C}
		{05C4B9C6-B6B7-4AB5-83F8-CAFACABD5861} = {5B86AC6A-5356-4A9B-8E8F-6CC998D6F15C}
		{EF790F53-6636-4CD9-872F-BF1859F164DD} = {9AB2ADAF-9625-4CAD-B543-166B21E8A114}
		{88FF1878-DB0C-49A6-B0F5-56DBCB6C21AD} = {F6A6490C-5E75-46B0-A2CD-E3F5EEEA12CB}
		{772391ED-433D-430B-BCAF-872BF443EDBA} = {B957997A-7335-43EE-8BC2-A6A87FD60F93}
		{22777EC6-96CF-4E09-911D-F7C47A02942B} = {B957997A-7335-43EE-8BC2-A6A87FD60F93}
	EndGlobalSection
	GlobalSection(ExtensibilityGlobals) = postSolution
		SolutionGuid = {AE7104F7-C501-4991-816A-18A09A499913}
	EndGlobalSection
EndGlobal
